PODS:
  - SwiftyJSON (4.3.0)
  - SwipeMenuViewController (3.0.0)

DEPENDENCIES:
  - SwiftyJSON (~> 4.0)
  - SwipeMenuViewController

SPEC REPOS:
  trunk:
    - SwiftyJSON
    - SwipeMenuViewController

SPEC CHECKSUMS:
  SwiftyJSON: 6faa0040f8b59dead0ee07436cbf76b73c08fd08
  SwipeMenuViewController: 572a6fcd7fa95c3d744c760d5e836896817c5735

PODFILE CHECKSUM: 068f8d3ae78df7b05fc11001f001b74ee7d40ecc

COCOAPODS: 1.8.1
